
Microsoft Visual Studio Solution File, Format Version 12.00
# Visual Studio Version 16
VisualStudioVersion = 16.0.30523.141
MinimumVisualStudioVersion = 10.0.40219.1
Project("{8BC9CEB8-8B4A-11D0-8D11-00A0C91BC942}") = "7.3rep", "7.3rep\7.3rep.vcxproj", "{6FD8CADF-1327-44D5-BC45-94D72DE12D6F}"
EndProject
Global
	GlobalSection(SolutionConfigurationPlatforms) = preSolution
		Debug|x64 = Debug|x64
		Debug|x86 = Debug|x86
		Release|x64 = Release|x64
		Release|x86 = Release|x86
	EndGlobalSection
	GlobalSection(ProjectConfigurationPlatforms) = postSolution
		{6FD8CADF-1327-44D5-BC45-94D72DE12D6F}.Debug|x64.ActiveCfg = Debug|x64
		{6FD8CADF-1327-44D5-BC45-94D72DE12D6F}.Debug|x64.Build.0 = Debug|x64
		{6FD8CADF-1327-44D5-BC45-94D72DE12D6F}.Debug|x86.ActiveCfg = Debug|Win32
		{6FD8CADF-1327-44D5-BC45-94D72DE12D6F}.Debug|x86.Build.0 = Debug|Win32
		{6FD8CADF-1327-44D5-BC45-94D72DE12D6F}.Release|x64.ActiveCfg = Release|x64
		{6FD8CADF-1327-44D5-BC45-94D72DE12D6F}.Release|x64.Build.0 = Release|x64
		{6FD8CADF-1327-44D5-BC45-94D72DE12D6F}.Release|x86.ActiveCfg = Release|Win32
		{6FD8CADF-1327-44D5-BC45-94D72DE12D6F}.Release|x86.Build.0 = Release|Win32
	EndGlobalSection
	GlobalSection(SolutionProperties) = preSolution
		HideSolutionNode = FALSE
	EndGlobalSection
	GlobalSection(ExtensibilityGlobals) = postSolution
		SolutionGuid = {4E922A64-C1CB-4BA2-A389-B5376A1E7B6C}
	EndGlobalSection
EndGlobal
