
Microsoft Visual Studio Solution File, Format Version 12.00
# Visual Studio Version 16
VisualStudioVersion = 16.0.30523.141
MinimumVisualStudioVersion = 10.0.40219.1
Project("{8BC9CEB8-8B4A-11D0-8D11-00A0C91BC942}") = "5.12rep", "5.12rep\5.12rep.vcxproj", "{8981894D-F181-46CC-9A91-9C62653F0F39}"
EndProject
Global
	GlobalSection(SolutionConfigurationPlatforms) = preSolution
		Debug|x64 = Debug|x64
		Debug|x86 = Debug|x86
		Release|x64 = Release|x64
		Release|x86 = Release|x86
	EndGlobalSection
	GlobalSection(ProjectConfigurationPlatforms) = postSolution
		{8981894D-F181-46CC-9A91-9C62653F0F39}.Debug|x64.ActiveCfg = Debug|x64
		{8981894D-F181-46CC-9A91-9C62653F0F39}.Debug|x64.Build.0 = Debug|x64
		{8981894D-F181-46CC-9A91-9C62653F0F39}.Debug|x86.ActiveCfg = Debug|Win32
		{8981894D-F181-46CC-9A91-9C62653F0F39}.Debug|x86.Build.0 = Debug|Win32
		{8981894D-F181-46CC-9A91-9C62653F0F39}.Release|x64.ActiveCfg = Release|x64
		{8981894D-F181-46CC-9A91-9C62653F0F39}.Release|x64.Build.0 = Release|x64
		{8981894D-F181-46CC-9A91-9C62653F0F39}.Release|x86.ActiveCfg = Release|Win32
		{8981894D-F181-46CC-9A91-9C62653F0F39}.Release|x86.Build.0 = Release|Win32
	EndGlobalSection
	GlobalSection(SolutionProperties) = preSolution
		HideSolutionNode = FALSE
	EndGlobalSection
	GlobalSection(ExtensibilityGlobals) = postSolution
		SolutionGuid = {02820F66-1F97-4253-8958-D37616AAC903}
	EndGlobalSection
EndGlobal
