
Microsoft Visual Studio Solution File, Format Version 12.00
# Visual Studio Version 16
VisualStudioVersion = 16.0.30523.141
MinimumVisualStudioVersion = 10.0.40219.1
Project("{8BC9CEB8-8B4A-11D0-8D11-00A0C91BC942}") = "5.01reprep", "5.01reprep\5.01reprep.vcxproj", "{FDC5C493-4BF2-4B7B-82F5-6B677382E56B}"
EndProject
Global
	GlobalSection(SolutionConfigurationPlatforms) = preSolution
		Debug|x64 = Debug|x64
		Debug|x86 = Debug|x86
		Release|x64 = Release|x64
		Release|x86 = Release|x86
	EndGlobalSection
	GlobalSection(ProjectConfigurationPlatforms) = postSolution
		{FDC5C493-4BF2-4B7B-82F5-6B677382E56B}.Debug|x64.ActiveCfg = Debug|x64
		{FDC5C493-4BF2-4B7B-82F5-6B677382E56B}.Debug|x64.Build.0 = Debug|x64
		{FDC5C493-4BF2-4B7B-82F5-6B677382E56B}.Debug|x86.ActiveCfg = Debug|Win32
		{FDC5C493-4BF2-4B7B-82F5-6B677382E56B}.Debug|x86.Build.0 = Debug|Win32
		{FDC5C493-4BF2-4B7B-82F5-6B677382E56B}.Release|x64.ActiveCfg = Release|x64
		{FDC5C493-4BF2-4B7B-82F5-6B677382E56B}.Release|x64.Build.0 = Release|x64
		{FDC5C493-4BF2-4B7B-82F5-6B677382E56B}.Release|x86.ActiveCfg = Release|Win32
		{FDC5C493-4BF2-4B7B-82F5-6B677382E56B}.Release|x86.Build.0 = Release|Win32
	EndGlobalSection
	GlobalSection(SolutionProperties) = preSolution
		HideSolutionNode = FALSE
	EndGlobalSection
	GlobalSection(ExtensibilityGlobals) = postSolution
		SolutionGuid = {926EEB4E-65B6-4674-A494-ADE46B5A4B29}
	EndGlobalSection
EndGlobal
