
Microsoft Visual Studio Solution File, Format Version 12.00
# Visual Studio Version 16
VisualStudioVersion = 16.0.30523.141
MinimumVisualStudioVersion = 10.0.40219.1
Project("{8BC9CEB8-8B4A-11D0-8D11-00A0C91BC942}") = "6.9repetido", "6.9repetido\6.9repetido.vcxproj", "{76A93AF3-2C8B-45BD-8C73-D4AF93843C8A}"
EndProject
Global
	GlobalSection(SolutionConfigurationPlatforms) = preSolution
		Debug|x64 = Debug|x64
		Debug|x86 = Debug|x86
		Release|x64 = Release|x64
		Release|x86 = Release|x86
	EndGlobalSection
	GlobalSection(ProjectConfigurationPlatforms) = postSolution
		{76A93AF3-2C8B-45BD-8C73-D4AF93843C8A}.Debug|x64.ActiveCfg = Debug|x64
		{76A93AF3-2C8B-45BD-8C73-D4AF93843C8A}.Debug|x64.Build.0 = Debug|x64
		{76A93AF3-2C8B-45BD-8C73-D4AF93843C8A}.Debug|x86.ActiveCfg = Debug|Win32
		{76A93AF3-2C8B-45BD-8C73-D4AF93843C8A}.Debug|x86.Build.0 = Debug|Win32
		{76A93AF3-2C8B-45BD-8C73-D4AF93843C8A}.Release|x64.ActiveCfg = Release|x64
		{76A93AF3-2C8B-45BD-8C73-D4AF93843C8A}.Release|x64.Build.0 = Release|x64
		{76A93AF3-2C8B-45BD-8C73-D4AF93843C8A}.Release|x86.ActiveCfg = Release|Win32
		{76A93AF3-2C8B-45BD-8C73-D4AF93843C8A}.Release|x86.Build.0 = Release|Win32
	EndGlobalSection
	GlobalSection(SolutionProperties) = preSolution
		HideSolutionNode = FALSE
	EndGlobalSection
	GlobalSection(ExtensibilityGlobals) = postSolution
		SolutionGuid = {2C992E54-BE4B-477F-A9CA-C915119C1B3B}
	EndGlobalSection
EndGlobal
