
Microsoft Visual Studio Solution File, Format Version 12.00
# Visual Studio Version 16
VisualStudioVersion = 16.0.30523.141
MinimumVisualStudioVersion = 10.0.40219.1
Project("{8BC9CEB8-8B4A-11D0-8D11-00A0C91BC942}") = "3.19rep", "3.19rep\3.19rep.vcxproj", "{DFC2ED2F-B5BC-4ABF-9F27-9ED2F85FCC91}"
EndProject
Global
	GlobalSection(SolutionConfigurationPlatforms) = preSolution
		Debug|x64 = Debug|x64
		Debug|x86 = Debug|x86
		Release|x64 = Release|x64
		Release|x86 = Release|x86
	EndGlobalSection
	GlobalSection(ProjectConfigurationPlatforms) = postSolution
		{DFC2ED2F-B5BC-4ABF-9F27-9ED2F85FCC91}.Debug|x64.ActiveCfg = Debug|x64
		{DFC2ED2F-B5BC-4ABF-9F27-9ED2F85FCC91}.Debug|x64.Build.0 = Debug|x64
		{DFC2ED2F-B5BC-4ABF-9F27-9ED2F85FCC91}.Debug|x86.ActiveCfg = Debug|Win32
		{DFC2ED2F-B5BC-4ABF-9F27-9ED2F85FCC91}.Debug|x86.Build.0 = Debug|Win32
		{DFC2ED2F-B5BC-4ABF-9F27-9ED2F85FCC91}.Release|x64.ActiveCfg = Release|x64
		{DFC2ED2F-B5BC-4ABF-9F27-9ED2F85FCC91}.Release|x64.Build.0 = Release|x64
		{DFC2ED2F-B5BC-4ABF-9F27-9ED2F85FCC91}.Release|x86.ActiveCfg = Release|Win32
		{DFC2ED2F-B5BC-4ABF-9F27-9ED2F85FCC91}.Release|x86.Build.0 = Release|Win32
	EndGlobalSection
	GlobalSection(SolutionProperties) = preSolution
		HideSolutionNode = FALSE
	EndGlobalSection
	GlobalSection(ExtensibilityGlobals) = postSolution
		SolutionGuid = {37F2D087-27F1-4B7F-BD90-FBE5D11EAD3D}
	EndGlobalSection
EndGlobal
