
Microsoft Visual Studio Solution File, Format Version 12.00
# Visual Studio Version 16
VisualStudioVersion = 16.0.30523.141
MinimumVisualStudioVersion = 10.0.40219.1
Project("{8BC9CEB8-8B4A-11D0-8D11-00A0C91BC942}") = "3.09", "3.09\3.09.vcxproj", "{4698058D-1AB3-4E25-A37F-AD7C024C2F47}"
EndProject
Global
	GlobalSection(SolutionConfigurationPlatforms) = preSolution
		Debug|x64 = Debug|x64
		Debug|x86 = Debug|x86
		Release|x64 = Release|x64
		Release|x86 = Release|x86
	EndGlobalSection
	GlobalSection(ProjectConfigurationPlatforms) = postSolution
		{4698058D-1AB3-4E25-A37F-AD7C024C2F47}.Debug|x64.ActiveCfg = Debug|x64
		{4698058D-1AB3-4E25-A37F-AD7C024C2F47}.Debug|x64.Build.0 = Debug|x64
		{4698058D-1AB3-4E25-A37F-AD7C024C2F47}.Debug|x86.ActiveCfg = Debug|Win32
		{4698058D-1AB3-4E25-A37F-AD7C024C2F47}.Debug|x86.Build.0 = Debug|Win32
		{4698058D-1AB3-4E25-A37F-AD7C024C2F47}.Release|x64.ActiveCfg = Release|x64
		{4698058D-1AB3-4E25-A37F-AD7C024C2F47}.Release|x64.Build.0 = Release|x64
		{4698058D-1AB3-4E25-A37F-AD7C024C2F47}.Release|x86.ActiveCfg = Release|Win32
		{4698058D-1AB3-4E25-A37F-AD7C024C2F47}.Release|x86.Build.0 = Release|Win32
	EndGlobalSection
	GlobalSection(SolutionProperties) = preSolution
		HideSolutionNode = FALSE
	EndGlobalSection
	GlobalSection(ExtensibilityGlobals) = postSolution
		SolutionGuid = {E65CFE19-F688-495B-86E3-B7EB55AD0679}
	EndGlobalSection
EndGlobal
